
Microsoft Visual Studio Solution File, Format Version 12.00
# Visual Studio 15
VisualStudioVersion = 15.0.28307.106
MinimumVisualStudioVersion = 10.0.40219.1
Project("{8BC9CEB8-8B4A-11D0-8D11-00A0C91BC942}") = "geometry-library", "include\geometry-library.vcxproj", "{6FF667F1-262A-4779-81CF-FD346FE2AF62}"
EndProject
Project("{8BC9CEB8-8B4A-11D0-8D11-00A0C91BC942}") = "tests", "tests\tests.vcxproj", "{96B63797-1621-492E-88C0-72751561874D}"
EndProject
Project("{8BC9CEB8-8B4A-11D0-8D11-00A0C91BC942}") = "samples", "samples\samples.vcxproj", "{1587DECE-892D-47F5-863A-D7568D4D2167}"
	ProjectSection(ProjectDependencies) = postProject
		{6FF667F1-262A-4779-81CF-FD346FE2AF62} = {6FF667F1-262A-4779-81CF-FD346FE2AF62}
	EndProjectSection
EndProject
Global
	GlobalSection(SolutionConfigurationPlatforms) = preSolution
		Debug|x64 = Debug|x64
		Debug|x86 = Debug|x86
		Release|x64 = Release|x64
		Release|x86 = Release|x86
	EndGlobalSection
	GlobalSection(ProjectConfigurationPlatforms) = postSolution
		{6FF667F1-262A-4779-81CF-FD346FE2AF62}.Debug|x64.ActiveCfg = Debug|x64
		{6FF667F1-262A-4779-81CF-FD346FE2AF62}.Debug|x86.ActiveCfg = Debug|Win32
		{6FF667F1-262A-4779-81CF-FD346FE2AF62}.Release|x64.ActiveCfg = Debug|x64
		{6FF667F1-262A-4779-81CF-FD346FE2AF62}.Release|x86.ActiveCfg = Release|Win32
		{96B63797-1621-492E-88C0-72751561874D}.Debug|x64.ActiveCfg = Debug|x64
		{96B63797-1621-492E-88C0-72751561874D}.Debug|x64.Build.0 = Debug|x64
		{96B63797-1621-492E-88C0-72751561874D}.Debug|x86.ActiveCfg = Debug|Win32
		{96B63797-1621-492E-88C0-72751561874D}.Debug|x86.Build.0 = Debug|Win32
		{96B63797-1621-492E-88C0-72751561874D}.Release|x64.ActiveCfg = Debug|x64
		{96B63797-1621-492E-88C0-72751561874D}.Release|x64.Build.0 = Debug|x64
		{96B63797-1621-492E-88C0-72751561874D}.Release|x86.ActiveCfg = Release|Win32
		{96B63797-1621-492E-88C0-72751561874D}.Release|x86.Build.0 = Release|Win32
		{1587DECE-892D-47F5-863A-D7568D4D2167}.Debug|x64.ActiveCfg = Debug|x64
		{1587DECE-892D-47F5-863A-D7568D4D2167}.Debug|x64.Build.0 = Debug|x64
		{1587DECE-892D-47F5-863A-D7568D4D2167}.Debug|x86.ActiveCfg = Debug|Win32
		{1587DECE-892D-47F5-863A-D7568D4D2167}.Debug|x86.Build.0 = Debug|Win32
		{1587DECE-892D-47F5-863A-D7568D4D2167}.Release|x64.ActiveCfg = Debug|x64
		{1587DECE-892D-47F5-863A-D7568D4D2167}.Release|x64.Build.0 = Debug|x64
		{1587DECE-892D-47F5-863A-D7568D4D2167}.Release|x86.ActiveCfg = Release|Win32
		{1587DECE-892D-47F5-863A-D7568D4D2167}.Release|x86.Build.0 = Release|Win32
	EndGlobalSection
	GlobalSection(SolutionProperties) = preSolution
		HideSolutionNode = FALSE
	EndGlobalSection
	GlobalSection(ExtensibilityGlobals) = postSolution
		SolutionGuid = {16C2AA62-9846-4234-962E-007CD4A92124}
	EndGlobalSection
EndGlobal
